// !$*UTF8*$!
{
	archiveVersion = 1;
	classes = {
	};
	objectVersion = 50;
	objects = {

/* Begin PBXBuildFile section */
		4206AC4E26E1BC4300BAF780 /* SentMemesTableViewController.swift in Sources */ = {isa = PBXBuildFile; fileRef = 4206AC4D26E1BC4300BAF780 /* SentMemesTableViewController.swift */; };
		4206AC5026E1BC6400BAF780 /* SentMemesCollectionViewController.swift in Sources */ = {isa = PBXBuildFile; fileRef = 4206AC4F26E1BC6400BAF780 /* SentMemesCollectionViewController.swift */; };
		4206AC5226E4010900BAF780 /* DetailViewController.swift in Sources */ = {isa = PBXBuildFile; fileRef = 4206AC5126E4010900BAF780 /* DetailViewController.swift */; };
		42465E2826D1CFDB006FDF0D /* AppDelegate.swift in Sources */ = {isa = PBXBuildFile; fileRef = 42465E2726D1CFDB006FDF0D /* AppDelegate.swift */; };
		42465E2A26D1CFDB006FDF0D /* SceneDelegate.swift in Sources */ = {isa = PBXBuildFile; fileRef = 42465E2926D1CFDB006FDF0D /* SceneDelegate.swift */; };
		42465E2C26D1CFDB006FDF0D /* MemeEditorViewController.swift in Sources */ = {isa = PBXBuildFile; fileRef = 42465E2B26D1CFDB006FDF0D /* MemeEditorViewController.swift */; };
		42465E2F26D1CFDB006FDF0D /* Main.storyboard in Resources */ = {isa = PBXBuildFile; fileRef = 42465E2D26D1CFDB006FDF0D /* Main.storyboard */; };
		42465E3126D1CFDD006FDF0D /* Assets.xcassets in Resources */ = {isa = PBXBuildFile; fileRef = 42465E3026D1CFDD006FDF0D /* Assets.xcassets */; };
		42465E3426D1CFDD006FDF0D /* LaunchScreen.storyboard in Resources */ = {isa = PBXBuildFile; fileRef = 42465E3226D1CFDD006FDF0D /* LaunchScreen.storyboard */; };
		42465E3C26D2E9B5006FDF0D /* Meme.swift in Sources */ = {isa = PBXBuildFile; fileRef = 42465E3B26D2E9B5006FDF0D /* Meme.swift */; };
		42465E3E26D3F9E1006FDF0D /* Impact.ttf in Resources */ = {isa = PBXBuildFile; fileRef = 42465E3D26D3F9E1006FDF0D /* Impact.ttf */; };
		42CEDA0A26D92E4000FD3BDC /* FontTableViewController.swift in Sources */ = {isa = PBXBuildFile; fileRef = 42CEDA0926D92E4000FD3BDC /* FontTableViewController.swift */; };
		42CEDA0C26D94FD600FD3BDC /* AmericanTypewriter.ttc in Resources */ = {isa = PBXBuildFile; fileRef = 42CEDA0B26D94FD600FD3BDC /* AmericanTypewriter.ttc */; };
		42CEDA0E26D94FEE00FD3BDC /* Arial Narrow Bold.ttf in Resources */ = {isa = PBXBuildFile; fileRef = 42CEDA0D26D94FEE00FD3BDC /* Arial Narrow Bold.ttf */; };
		42CEDA1026D9501200FD3BDC /* Chalkboard.ttc in Resources */ = {isa = PBXBuildFile; fileRef = 42CEDA0F26D9501200FD3BDC /* Chalkboard.ttc */; };
		42CEDA1226D9501D00FD3BDC /* Futura.ttc in Resources */ = {isa = PBXBuildFile; fileRef = 42CEDA1126D9501D00FD3BDC /* Futura.ttc */; };
		42CEDA1426D9503000FD3BDC /* Hoefler Text.ttc in Resources */ = {isa = PBXBuildFile; fileRef = 42CEDA1326D9503000FD3BDC /* Hoefler Text.ttc */; };
/* End PBXBuildFile section */

/* Begin PBXFileReference section */
		4206AC4D26E1BC4300BAF780 /* SentMemesTableViewController.swift */ = {isa = PBXFileReference; lastKnownFileType = sourcecode.swift; path = SentMemesTableViewController.swift; sourceTree = "<group>"; };
		4206AC4F26E1BC6400BAF780 /* SentMemesCollectionViewController.swift */ = {isa = PBXFileReference; lastKnownFileType = sourcecode.swift; path = SentMemesCollectionViewController.swift; sourceTree = "<group>"; };
		4206AC5126E4010900BAF780 /* DetailViewController.swift */ = {isa = PBXFileReference; lastKnownFileType = sourcecode.swift; path = DetailViewController.swift; sourceTree = "<group>"; };
		42465E2426D1CFDB006FDF0D /* MemeMeWarmUp.app */ = {isa = PBXFileReference; explicitFileType = wrapper.application; includeInIndex = 0; path = MemeMeWarmUp.app; sourceTree = BUILT_PRODUCTS_DIR; };
		42465E2726D1CFDB006FDF0D /* AppDelegate.swift */ = {isa = PBXFileReference; lastKnownFileType = sourcecode.swift; path = AppDelegate.swift; sourceTree = "<group>"; };
		42465E2926D1CFDB006FDF0D /* SceneDelegate.swift */ = {isa = PBXFileReference; lastKnownFileType = sourcecode.swift; path = SceneDelegate.swift; sourceTree = "<group>"; };
		42465E2B26D1CFDB006FDF0D /* MemeEditorViewController.swift */ = {isa = PBXFileReference; lastKnownFileType = sourcecode.swift; path = MemeEditorViewController.swift; sourceTree = "<group>"; };
		42465E2E26D1CFDB006FDF0D /* Base */ = {isa = PBXFileReference; lastKnownFileType = file.storyboard; name = Base; path = Base.lproj/Main.storyboard; sourceTree = "<group>"; };
		42465E3026D1CFDD006FDF0D /* Assets.xcassets */ = {isa = PBXFileReference; lastKnownFileType = folder.assetcatalog; path = Assets.xcassets; sourceTree = "<group>"; };
		42465E3326D1CFDD006FDF0D /* Base */ = {isa = PBXFileReference; lastKnownFileType = file.storyboard; name = Base; path = Base.lproj/LaunchScreen.storyboard; sourceTree = "<group>"; };
		42465E3526D1CFDD006FDF0D /* Info.plist */ = {isa = PBXFileReference; lastKnownFileType = text.plist.xml; path = Info.plist; sourceTree = "<group>"; };
		42465E3B26D2E9B5006FDF0D /* Meme.swift */ = {isa = PBXFileReference; lastKnownFileType = sourcecode.swift; path = Meme.swift; sourceTree = "<group>"; };
		42465E3D26D3F9E1006FDF0D /* Impact.ttf */ = {isa = PBXFileReference; lastKnownFileType = file; path = Impact.ttf; sourceTree = "<group>"; };
		42CEDA0926D92E4000FD3BDC /* FontTableViewController.swift */ = {isa = PBXFileReference; lastKnownFileType = sourcecode.swift; path = FontTableViewController.swift; sourceTree = "<group>"; };
		42CEDA0B26D94FD600FD3BDC /* AmericanTypewriter.ttc */ = {isa = PBXFileReference; lastKnownFileType = file; path = AmericanTypewriter.ttc; sourceTree = "<group>"; };
		42CEDA0D26D94FEE00FD3BDC /* Arial Narrow Bold.ttf */ = {isa = PBXFileReference; lastKnownFileType = file; path = "Arial Narrow Bold.ttf"; sourceTree = "<group>"; };
		42CEDA0F26D9501200FD3BDC /* Chalkboard.ttc */ = {isa = PBXFileReference; lastKnownFileType = file; path = Chalkboard.ttc; sourceTree = "<group>"; };
		42CEDA1126D9501D00FD3BDC /* Futura.ttc */ = {isa = PBXFileReference; lastKnownFileType = file; path = Futura.ttc; sourceTree = "<group>"; };
		42CEDA1326D9503000FD3BDC /* Hoefler Text.ttc */ = {isa = PBXFileReference; lastKnownFileType = file; path = "Hoefler Text.ttc"; sourceTree = "<group>"; };
/* End PBXFileReference section */

/* Begin PBXFrameworksBuildPhase section */
		42465E2126D1CFDB006FDF0D /* Frameworks */ = {
			isa = PBXFrameworksBuildPhase;
			buildActionMask = 2147483647;
			files = (
			);
			runOnlyForDeploymentPostprocessing = 0;
		};
/* End PBXFrameworksBuildPhase section */

/* Begin PBXGroup section */
		42465E1B26D1CFDB006FDF0D = {
			isa = PBXGroup;
			children = (
				42465E2626D1CFDB006FDF0D /* MemeMeWarmUp */,
				42465E2526D1CFDB006FDF0D /* Products */,
			);
			sourceTree = "<group>";
		};
		42465E2526D1CFDB006FDF0D /* Products */ = {
			isa = PBXGroup;
			children = (
				42465E2426D1CFDB006FDF0D /* MemeMeWarmUp.app */,
			);
			name = Products;
			sourceTree = "<group>";
		};
		42465E2626D1CFDB006FDF0D /* MemeMeWarmUp */ = {
			isa = PBXGroup;
			children = (
				42465E2726D1CFDB006FDF0D /* AppDelegate.swift */,
				42465E2926D1CFDB006FDF0D /* SceneDelegate.swift */,
				42465E2B26D1CFDB006FDF0D /* MemeEditorViewController.swift */,
				42CEDA0926D92E4000FD3BDC /* FontTableViewController.swift */,
				4206AC4D26E1BC4300BAF780 /* SentMemesTableViewController.swift */,
				4206AC4F26E1BC6400BAF780 /* SentMemesCollectionViewController.swift */,
				4206AC5126E4010900BAF780 /* DetailViewController.swift */,
				42465E3B26D2E9B5006FDF0D /* Meme.swift */,
				42465E2D26D1CFDB006FDF0D /* Main.storyboard */,
				42465E3026D1CFDD006FDF0D /* Assets.xcassets */,
				42CEDA1526D9504500FD3BDC /* Fonts */,
				42465E3226D1CFDD006FDF0D /* LaunchScreen.storyboard */,
				42465E3526D1CFDD006FDF0D /* Info.plist */,
			);
			path = MemeMeWarmUp;
			sourceTree = "<group>";
		};
		42CEDA1526D9504500FD3BDC /* Fonts */ = {
			isa = PBXGroup;
			children = (
				42CEDA0B26D94FD600FD3BDC /* AmericanTypewriter.ttc */,
				42CEDA0D26D94FEE00FD3BDC /* Arial Narrow Bold.ttf */,
				42CEDA0F26D9501200FD3BDC /* Chalkboard.ttc */,
				42CEDA1126D9501D00FD3BDC /* Futura.ttc */,
				42CEDA1326D9503000FD3BDC /* Hoefler Text.ttc */,
				42465E3D26D3F9E1006FDF0D /* Impact.ttf */,
			);
			path = Fonts;
			sourceTree = "<group>";
		};
/* End PBXGroup section */

/* Begin PBXNativeTarget section */
		42465E2326D1CFDB006FDF0D /* MemeMeWarmUp */ = {
			isa = PBXNativeTarget;
			buildConfigurationList = 42465E3826D1CFDD006FDF0D /* Build configuration list for PBXNativeTarget "MemeMeWarmUp" */;
			buildPhases = (
				42465E2026D1CFDB006FDF0D /* Sources */,
				42465E2126D1CFDB006FDF0D /* Frameworks */,
				42465E2226D1CFDB006FDF0D /* Resources */,
			);
			buildRules = (
			);
			dependencies = (
			);
			name = MemeMeWarmUp;
			productName = MemeMeWarmUp;
			productReference = 42465E2426D1CFDB006FDF0D /* MemeMeWarmUp.app */;
			productType = "com.apple.product-type.application";
		};
/* End PBXNativeTarget section */

/* Begin PBXProject section */
		42465E1C26D1CFDB006FDF0D /* Project object */ = {
			isa = PBXProject;
			attributes = {
				LastSwiftUpdateCheck = 1250;
				LastUpgradeCheck = 1250;
				TargetAttributes = {
					42465E2326D1CFDB006FDF0D = {
						CreatedOnToolsVersion = 12.5.1;
					};
				};
			};
			buildConfigurationList = 42465E1F26D1CFDB006FDF0D /* Build configuration list for PBXProject "MemeMeWarmUp" */;
			compatibilityVersion = "Xcode 9.3";
			developmentRegion = en;
			hasScannedForEncodings = 0;
			knownRegions = (
				en,
				Base,
			);
			mainGroup = 42465E1B26D1CFDB006FDF0D;
			productRefGroup = 42465E2526D1CFDB006FDF0D /* Products */;
			projectDirPath = "";
			projectRoot = "";
			targets = (
				42465E2326D1CFDB006FDF0D /* MemeMeWarmUp */,
			);
		};
/* End PBXProject section */

/* Begin PBXResourcesBuildPhase section */
		42465E2226D1CFDB006FDF0D /* Resources */ = {
			isa = PBXResourcesBuildPhase;
			buildActionMask = 2147483647;
			files = (
				42CEDA1426D9503000FD3BDC /* Hoefler Text.ttc in Resources */,
				42CEDA0E26D94FEE00FD3BDC /* Arial Narrow Bold.ttf in Resources */,
				42CEDA0C26D94FD600FD3BDC /* AmericanTypewriter.ttc in Resources */,
				42CEDA1226D9501D00FD3BDC /* Futura.ttc in Resources */,
				42465E3E26D3F9E1006FDF0D /* Impact.ttf in Resources */,
				42465E3426D1CFDD006FDF0D /* LaunchScreen.storyboard in Resources */,
				42CEDA1026D9501200FD3BDC /* Chalkboard.ttc in Resources */,
				42465E3126D1CFDD006FDF0D /* Assets.xcassets in Resources */,
				42465E2F26D1CFDB006FDF0D /* Main.storyboard in Resources */,
			);
			runOnlyForDeploymentPostprocessing = 0;
		};
/* End PBXResourcesBuildPhase section */

/* Begin PBXSourcesBuildPhase section */
		42465E2026D1CFDB006FDF0D /* Sources */ = {
			isa = PBXSourcesBuildPhase;
			buildActionMask = 2147483647;
			files = (
				42465E2C26D1CFDB006FDF0D /* MemeEditorViewController.swift in Sources */,
				4206AC5026E1BC6400BAF780 /* SentMemesCollectionViewController.swift in Sources */,
				4206AC4E26E1BC4300BAF780 /* SentMemesTableViewController.swift in Sources */,
				42465E3C26D2E9B5006FDF0D /* Meme.swift in Sources */,
				42465E2826D1CFDB006FDF0D /* AppDelegate.swift in Sources */,
				42CEDA0A26D92E4000FD3BDC /* FontTableViewController.swift in Sources */,
				42465E2A26D1CFDB006FDF0D /* SceneDelegate.swift in Sources */,
				4206AC5226E4010900BAF780 /* DetailViewController.swift in Sources */,
			);
			runOnlyForDeploymentPostprocessing = 0;
		};
/* End PBXSourcesBuildPhase section */

/* Begin PBXVariantGroup section */
		42465E2D26D1CFDB006FDF0D /* Main.storyboard */ = {
			isa = PBXVariantGroup;
			children = (
				42465E2E26D1CFDB006FDF0D /* Base */,
			);
			name = Main.storyboard;
			sourceTree = "<group>";
		};
		42465E3226D1CFDD006FDF0D /* LaunchScreen.storyboard */ = {
			isa = PBXVariantGroup;
			children = (
				42465E3326D1CFDD006FDF0D /* Base */,
			);
			name = LaunchScreen.storyboard;
			sourceTree = "<group>";
		};
/* End PBXVariantGroup section */

/* Begin XCBuildConfiguration section */
		42465E3626D1CFDD006FDF0D /* Debug */ = {
			isa = XCBuildConfiguration;
			buildSettings = {
				ALWAYS_SEARCH_USER_PATHS = NO;
				CLANG_ANALYZER_NONNULL = YES;
				CLANG_ANALYZER_NUMBER_OBJECT_CONVERSION = YES_AGGRESSIVE;
				CLANG_CXX_LANGUAGE_STANDARD = "gnu++14";
				CLANG_CXX_LIBRARY = "libc++";
				CLANG_ENABLE_MODULES = YES;
				CLANG_ENABLE_OBJC_ARC = YES;
				CLANG_ENABLE_OBJC_WEAK = YES;
				CLANG_WARN_BLOCK_CAPTURE_AUTORELEASING = YES;
				CLANG_WARN_BOOL_CONVERSION = YES;
				CLANG_WARN_COMMA = YES;
				CLANG_WARN_CONSTANT_CONVERSION = YES;
				CLANG_WARN_DEPRECATED_OBJC_IMPLEMENTATIONS = YES;
				CLANG_WARN_DIRECT_OBJC_ISA_USAGE = YES_ERROR;
				CLANG_WARN_DOCUMENTATION_COMMENTS = YES;
				CLANG_WARN_EMPTY_BODY = YES;
				CLANG_WARN_ENUM_CONVERSION = YES;
				CLANG_WARN_INFINITE_RECURSION = YES;
				CLANG_WARN_INT_CONVERSION = YES;
				CLANG_WARN_NON_LITERAL_NULL_CONVERSION = YES;
				CLANG_WARN_OBJC_IMPLICIT_RETAIN_SELF = YES;
				CLANG_WARN_OBJC_LITERAL_CONVERSION = YES;
				CLANG_WARN_OBJC_ROOT_CLASS = YES_ERROR;
				CLANG_WARN_QUOTED_INCLUDE_IN_FRAMEWORK_HEADER = YES;
				CLANG_WARN_RANGE_LOOP_ANALYSIS = YES;
				CLANG_WARN_STRICT_PROTOTYPES = YES;
				CLANG_WARN_SUSPICIOUS_MOVE = YES;
				CLANG_WARN_UNGUARDED_AVAILABILITY = YES_AGGRESSIVE;
				CLANG_WARN_UNREACHABLE_CODE = YES;
				CLANG_WARN__DUPLICATE_METHOD_MATCH = YES;
				COPY_PHASE_STRIP = NO;
				DEBUG_INFORMATION_FORMAT = dwarf;
				ENABLE_STRICT_OBJC_MSGSEND = YES;
				ENABLE_TESTABILITY = YES;
				GCC_C_LANGUAGE_STANDARD = gnu11;
				GCC_DYNAMIC_NO_PIC = NO;
				GCC_NO_COMMON_BLOCKS = YES;
				GCC_OPTIMIZATION_LEVEL = 0;
				GCC_PREPROCESSOR_DEFINITIONS = (
					"DEBUG=1",
					"$(inherited)",
				);
				GCC_WARN_64_TO_32_BIT_CONVERSION = YES;
				GCC_WARN_ABOUT_RETURN_TYPE = YES_ERROR;
				GCC_WARN_UNDECLARED_SELECTOR = YES;
				GCC_WARN_UNINITIALIZED_AUTOS = YES_AGGRESSIVE;
				GCC_WARN_UNUSED_FUNCTION = YES;
				GCC_WARN_UNUSED_VARIABLE = YES;
				IPHONEOS_DEPLOYMENT_TARGET = 14.5;
				MTL_ENABLE_DEBUG_INFO = INCLUDE_SOURCE;
				MTL_FAST_MATH = YES;
				ONLY_ACTIVE_ARCH = YES;
				SDKROOT = iphoneos;
				SWIFT_ACTIVE_COMPILATION_CONDITIONS = DEBUG;
				SWIFT_OPTIMIZATION_LEVEL = "-Onone";
			};
			name = Debug;
		};
		42465E3726D1CFDD006FDF0D /* Release */ = {
			isa = XCBuildConfiguration;
			buildSettings = {
				ALWAYS_SEARCH_USER_PATHS = NO;
				CLANG_ANALYZER_NONNULL = YES;
				CLANG_ANALYZER_NUMBER_OBJECT_CONVERSION = YES_AGGRESSIVE;
				CLANG_CXX_LANGUAGE_STANDARD = "gnu++14";
				CLANG_CXX_LIBRARY = "libc++";
				CLANG_ENABLE_MODULES = YES;
				CLANG_ENABLE_OBJC_ARC = YES;
				CLANG_ENABLE_OBJC_WEAK = YES;
				CLANG_WARN_BLOCK_CAPTURE_AUTORELEASING = YES;
				CLANG_WARN_BOOL_CONVERSION = YES;
				CLANG_WARN_COMMA = YES;
				CLANG_WARN_CONSTANT_CONVERSION = YES;
				CLANG_WARN_DEPRECATED_OBJC_IMPLEMENTATIONS = YES;
				CLANG_WARN_DIRECT_OBJC_ISA_USAGE = YES_ERROR;
				CLANG_WARN_DOCUMENTATION_COMMENTS = YES;
				CLANG_WARN_EMPTY_BODY = YES;
				CLANG_WARN_ENUM_CONVERSION = YES;
				CLANG_WARN_INFINITE_RECURSION = YES;
				CLANG_WARN_INT_CONVERSION = YES;
				CLANG_WARN_NON_LITERAL_NULL_CONVERSION = YES;
				CLANG_WARN_OBJC_IMPLICIT_RETAIN_SELF = YES;
				CLANG_WARN_OBJC_LITERAL_CONVERSION = YES;
				CLANG_WARN_OBJC_ROOT_CLASS = YES_ERROR;
				CLANG_WARN_QUOTED_INCLUDE_IN_FRAMEWORK_HEADER = YES;
				CLANG_WARN_RANGE_LOOP_ANALYSIS = YES;
				CLANG_WARN_STRICT_PROTOTYPES = YES;
				CLANG_WARN_SUSPICIOUS_MOVE = YES;
				CLANG_WARN_UNGUARDED_AVAILABILITY = YES_AGGRESSIVE;
				CLANG_WARN_UNREACHABLE_CODE = YES;
				CLANG_WARN__DUPLICATE_METHOD_MATCH = YES;
				COPY_PHASE_STRIP = NO;
				DEBUG_INFORMATION_FORMAT = "dwarf-with-dsym";
				ENABLE_NS_ASSERTIONS = NO;
				ENABLE_STRICT_OBJC_MSGSEND = YES;
				GCC_C_LANGUAGE_STANDARD = gnu11;
				GCC_NO_COMMON_BLOCKS = YES;
				GCC_WARN_64_TO_32_BIT_CONVERSION = YES;
				GCC_WARN_ABOUT_RETURN_TYPE = YES_ERROR;
				GCC_WARN_UNDECLARED_SELECTOR = YES;
				GCC_WARN_UNINITIALIZED_AUTOS = YES_AGGRESSIVE;
				GCC_WARN_UNUSED_FUNCTION = YES;
				GCC_WARN_UNUSED_VARIABLE = YES;
				IPHONEOS_DEPLOYMENT_TARGET = 14.5;
				MTL_ENABLE_DEBUG_INFO = NO;
				MTL_FAST_MATH = YES;
				SDKROOT = iphoneos;
				SWIFT_COMPILATION_MODE = wholemodule;
				SWIFT_OPTIMIZATION_LEVEL = "-O";
				VALIDATE_PRODUCT = YES;
			};
			name = Release;
		};
		42465E3926D1CFDD006FDF0D /* Debug */ = {
			isa = XCBuildConfiguration;
			buildSettings = {
				ASSETCATALOG_COMPILER_APPICON_NAME = AppIcon;
				ASSETCATALOG_COMPILER_GLOBAL_ACCENT_COLOR_NAME = AccentColor;
				CODE_SIGN_STYLE = Automatic;
				DEVELOPMENT_TEAM = 6BWKDGAU39;
				INFOPLIST_FILE = MemeMeWarmUp/Info.plist;
				LD_RUNPATH_SEARCH_PATHS = (
					"$(inherited)",
					"@executable_path/Frameworks",
				);
				PRODUCT_BUNDLE_IDENTIFIER = com.gmail.squarehippobills.MemeMeWarmUp;
				PRODUCT_NAME = "$(TARGET_NAME)";
				SWIFT_VERSION = 5.0;
				TARGETED_DEVICE_FAMILY = "1,2";
			};
			name = Debug;
		};
		42465E3A26D1CFDD006FDF0D /* Release */ = {
			isa = XCBuildConfiguration;
			buildSettings = {
				ASSETCATALOG_COMPILER_APPICON_NAME = AppIcon;
				ASSETCATALOG_COMPILER_GLOBAL_ACCENT_COLOR_NAME = AccentColor;
				CODE_SIGN_STYLE = Automatic;
				DEVELOPMENT_TEAM = 6BWKDGAU39;
				INFOPLIST_FILE = MemeMeWarmUp/Info.plist;
				LD_RUNPATH_SEARCH_PATHS = (
					"$(inherited)",
					"@executable_path/Frameworks",
				);
				PRODUCT_BUNDLE_IDENTIFIER = com.gmail.squarehippobills.MemeMeWarmUp;
				PRODUCT_NAME = "$(TARGET_NAME)";
				SWIFT_VERSION = 5.0;
				TARGETED_DEVICE_FAMILY = "1,2";
			};
			name = Release;
		};
/* End XCBuildConfiguration section */

/* Begin XCConfigurationList section */
		42465E1F26D1CFDB006FDF0D /* Build configuration list for PBXProject "MemeMeWarmUp" */ = {
			isa = XCConfigurationList;
			buildConfigurations = (
				42465E3626D1CFDD006FDF0D /* Debug */,
				42465E3726D1CFDD006FDF0D /* Release */,
			);
			defaultConfigurationIsVisible = 0;
			defaultConfigurationName = Release;
		};
		42465E3826D1CFDD006FDF0D /* Build configuration list for PBXNativeTarget "MemeMeWarmUp" */ = {
			isa = XCConfigurationList;
			buildConfigurations = (
				42465E3926D1CFDD006FDF0D /* Debug */,
				42465E3A26D1CFDD006FDF0D /* Release */,
			);
			defaultConfigurationIsVisible = 0;
			defaultConfigurationName = Release;
		};
/* End XCConfigurationList section */
	};
	rootObject = 42465E1C26D1CFDB006FDF0D /* Project object */;
}
